PODS:
  - Flutter (1.0.0)
  - pixelpay_sdk (0.0.2):
    - Flutter

DEPENDENCIES:
  - Flutter (from `Flutter`)
  - pixelpay_sdk (from `.symlinks/plugins/pixelpay_sdk/ios`)

EXTERNAL SOURCES:
  Flutter:
    :path: Flutter
  pixelpay_sdk:
    :path: ".symlinks/plugins/pixelpay_sdk/ios"

SPEC CHECKSUMS:
  Flutter: f04841e97a9d0b0a8025694d0796dd46242b2854
  pixelpay_sdk: 74fc574dba0f7c31c026f6261cba8083e0001b3a

PODFILE CHECKSUM: 70d9d25280d0dd177a5f637cdb0f0b0b12c6a189

COCOAPODS: 1.12.1
